
Microsoft Visual Studio Solution File, Format Version 12.00
# Visual Studio Version 16
VisualStudioVersion = 16.0.30204.135
MinimumVisualStudioVersion = 10.0.40219.1
Project("{FAE04EC0-301F-11D3-BF4B-00C04F79EFBC}") = "CW_PerfectSquare", "CW_PerfectSquare\CW_PerfectSquare.csproj", "{3EE0A5D5-31A1-47FF-9BA1-90150C9D335F}"
EndProject
Global
	GlobalSection(SolutionConfigurationPlatforms) = preSolution
		Debug|Any CPU = Debug|Any CPU
		Release|Any CPU = Release|Any CPU
	EndGlobalSection
	GlobalSection(ProjectConfigurationPlatforms) = postSolution
		{3EE0A5D5-31A1-47FF-9BA1-90150C9D335F}.Debug|Any CPU.ActiveCfg = Debug|Any CPU
		{3EE0A5D5-31A1-47FF-9BA1-90150C9D335F}.Debug|Any CPU.Build.0 = Debug|Any CPU
		{3EE0A5D5-31A1-47FF-9BA1-90150C9D335F}.Release|Any CPU.ActiveCfg = Release|Any CPU
		{3EE0A5D5-31A1-47FF-9BA1-90150C9D335F}.Release|Any CPU.Build.0 = Release|Any CPU
	EndGlobalSection
	GlobalSection(SolutionProperties) = preSolution
		HideSolutionNode = FALSE
	EndGlobalSection
	GlobalSection(ExtensibilityGlobals) = postSolution
		SolutionGuid = {C508ECD1-2AED-4D9C-B5E4-D73FD755B661}
	EndGlobalSection
EndGlobal
